
Microsoft Visual Studio Solution File, Format Version 12.00
# Visual Studio Version 16
VisualStudioVersion = 16.0.32228.343
MinimumVisualStudioVersion = 10.0.40219.1
Project("{FAE04EC0-301F-11D3-BF4B-00C04F79EFBC}") = "00_Start", "00_Start\00_Start.csproj", "{8665A386-79AD-4983-B924-81D6036CF82C}"
EndProject
Project("{FAE04EC0-301F-11D3-BF4B-00C04F79EFBC}") = "01_FlowDoc", "01_FlowDoc\01_FlowDoc.csproj", "{D60DBDDE-E31C-4B21-A46F-B988C335D447}"
EndProject
Project("{FAE04EC0-301F-11D3-BF4B-00C04F79EFBC}") = "02_FlowDoc_Practice", "02_FlowDoc_Practice\02_FlowDoc_Practice.csproj", "{BD10FCBF-BFE4-422A-BC7A-BC0A68ECB311}"
EndProject
Global
	GlobalSection(SolutionConfigurationPlatforms) = preSolution
		Debug|Any CPU = Debug|Any CPU
		Release|Any CPU = Release|Any CPU
	EndGlobalSection
	GlobalSection(ProjectConfigurationPlatforms) = postSolution
		{8665A386-79AD-4983-B924-81D6036CF82C}.Debug|Any CPU.ActiveCfg = Debug|Any CPU
		{8665A386-79AD-4983-B924-81D6036CF82C}.Debug|Any CPU.Build.0 = Debug|Any CPU
		{8665A386-79AD-4983-B924-81D6036CF82C}.Release|Any CPU.ActiveCfg = Release|Any CPU
		{8665A386-79AD-4983-B924-81D6036CF82C}.Release|Any CPU.Build.0 = Release|Any CPU
		{D60DBDDE-E31C-4B21-A46F-B988C335D447}.Debug|Any CPU.ActiveCfg = Debug|Any CPU
		{D60DBDDE-E31C-4B21-A46F-B988C335D447}.Debug|Any CPU.Build.0 = Debug|Any CPU
		{D60DBDDE-E31C-4B21-A46F-B988C335D447}.Release|Any CPU.ActiveCfg = Release|Any CPU
		{D60DBDDE-E31C-4B21-A46F-B988C335D447}.Release|Any CPU.Build.0 = Release|Any CPU
		{BD10FCBF-BFE4-422A-BC7A-BC0A68ECB311}.Debug|Any CPU.ActiveCfg = Debug|Any CPU
		{BD10FCBF-BFE4-422A-BC7A-BC0A68ECB311}.Debug|Any CPU.Build.0 = Debug|Any CPU
		{BD10FCBF-BFE4-422A-BC7A-BC0A68ECB311}.Release|Any CPU.ActiveCfg = Release|Any CPU
		{BD10FCBF-BFE4-422A-BC7A-BC0A68ECB311}.Release|Any CPU.Build.0 = Release|Any CPU
	EndGlobalSection
	GlobalSection(SolutionProperties) = preSolution
		HideSolutionNode = FALSE
	EndGlobalSection
	GlobalSection(ExtensibilityGlobals) = postSolution
		SolutionGuid = {E6D08849-7113-4D93-A059-99E1C16D5199}
	EndGlobalSection
EndGlobal
