
Microsoft Visual Studio Solution File, Format Version 12.00
# Visual Studio Version 16
VisualStudioVersion = 16.0.32228.343
MinimumVisualStudioVersion = 10.0.40219.1
Project("{FAE04EC0-301F-11D3-BF4B-00C04F79EFBC}") = "01_SimpleForm", "01_SimpleForm\01_SimpleForm.csproj", "{A80497EE-CBE7-4F68-AE0A-3FCE42E55854}"
EndProject
Project("{FAE04EC0-301F-11D3-BF4B-00C04F79EFBC}") = "02_Blend", "02_Blend\02_Blend.csproj", "{EFF99743-86DB-4075-AC9D-D7B1D04E6D86}"
EndProject
Global
	GlobalSection(SolutionConfigurationPlatforms) = preSolution
		Debug|Any CPU = Debug|Any CPU
		Release|Any CPU = Release|Any CPU
	EndGlobalSection
	GlobalSection(ProjectConfigurationPlatforms) = postSolution
		{A80497EE-CBE7-4F68-AE0A-3FCE42E55854}.Debug|Any CPU.ActiveCfg = Debug|Any CPU
		{A80497EE-CBE7-4F68-AE0A-3FCE42E55854}.Debug|Any CPU.Build.0 = Debug|Any CPU
		{A80497EE-CBE7-4F68-AE0A-3FCE42E55854}.Release|Any CPU.ActiveCfg = Release|Any CPU
		{A80497EE-CBE7-4F68-AE0A-3FCE42E55854}.Release|Any CPU.Build.0 = Release|Any CPU
		{EFF99743-86DB-4075-AC9D-D7B1D04E6D86}.Debug|Any CPU.ActiveCfg = Debug|Any CPU
		{EFF99743-86DB-4075-AC9D-D7B1D04E6D86}.Debug|Any CPU.Build.0 = Debug|Any CPU
		{EFF99743-86DB-4075-AC9D-D7B1D04E6D86}.Release|Any CPU.ActiveCfg = Release|Any CPU
		{EFF99743-86DB-4075-AC9D-D7B1D04E6D86}.Release|Any CPU.Build.0 = Release|Any CPU
	EndGlobalSection
	GlobalSection(SolutionProperties) = preSolution
		HideSolutionNode = FALSE
	EndGlobalSection
	GlobalSection(ExtensibilityGlobals) = postSolution
		SolutionGuid = {81229FE5-088A-4C2C-9C14-201CB2F101D0}
	EndGlobalSection
EndGlobal
